
Microsoft Visual Studio Solution File, Format Version 12.00
# Visual Studio Version 16
VisualStudioVersion = 16.0.30804.86
MinimumVisualStudioVersion = 10.0.40219.1
Project("{2150E333-8FDC-42A3-9474-1A3956D46DE8}") = "HostedServices", "HostedServices", "{DC9DFCE7-C5A4-4546-AB3E-564E2AEAEAC7}"
EndProject
Project("{9A19103F-16F7-4668-BE54-9A1E7A4F7556}") = "TrafficInfoHttpApi", "HostedServices\TrafficInfoHttpApi\TrafficInfoHttpApi.csproj", "{B7F6199E-02C1-4A85-A40E-7940DE745D3E}"
EndProject
Project("{9A19103F-16F7-4668-BE54-9A1E7A4F7556}") = "PlaneService", "HostedServices\PlaneService\PlaneService.csproj", "{C6FDAB01-CF11-4145-8710-CEE37BE2A013}"
EndProject
Project("{9A19103F-16F7-4668-BE54-9A1E7A4F7556}") = "AirportService", "HostedServices\AirportService\AirportService.csproj", "{0095112C-5473-45F1-8615-06D52A1AAC94}"
EndProject
Project("{9A19103F-16F7-4668-BE54-9A1E7A4F7556}") = "TrafficSimulatorService", "HostedServices\TrafficSimulatorService\TrafficSimulatorService.csproj", "{CFA14EFE-4DE1-4C82-8380-0737D4C79DAD}"
EndProject
Project("{2150E333-8FDC-42A3-9474-1A3956D46DE8}") = "SharedKernel", "SharedKernel", "{80FC5AF8-FC74-4E7D-87F1-7BBA4F7CA66A}"
EndProject
Project("{9A19103F-16F7-4668-BE54-9A1E7A4F7556}") = "Contracts", "SharedKernel\Contracts\Contracts.csproj", "{BCB2D607-7C46-4F80-B6B4-5AEDD538D5BB}"
EndProject
Project("{9A19103F-16F7-4668-BE54-9A1E7A4F7556}") = "Utils", "SharedKernel\Utils\Utils.csproj", "{D99D2AE7-F2AB-4A29-B07A-40256FC4BA16}"
EndProject
Global
	GlobalSection(SolutionConfigurationPlatforms) = preSolution
		Debug|Any CPU = Debug|Any CPU
		Release|Any CPU = Release|Any CPU
	EndGlobalSection
	GlobalSection(ProjectConfigurationPlatforms) = postSolution
		{B7F6199E-02C1-4A85-A40E-7940DE745D3E}.Debug|Any CPU.ActiveCfg = Debug|Any CPU
		{B7F6199E-02C1-4A85-A40E-7940DE745D3E}.Debug|Any CPU.Build.0 = Debug|Any CPU
		{B7F6199E-02C1-4A85-A40E-7940DE745D3E}.Release|Any CPU.ActiveCfg = Release|Any CPU
		{B7F6199E-02C1-4A85-A40E-7940DE745D3E}.Release|Any CPU.Build.0 = Release|Any CPU
		{C6FDAB01-CF11-4145-8710-CEE37BE2A013}.Debug|Any CPU.ActiveCfg = Debug|Any CPU
		{C6FDAB01-CF11-4145-8710-CEE37BE2A013}.Debug|Any CPU.Build.0 = Debug|Any CPU
		{C6FDAB01-CF11-4145-8710-CEE37BE2A013}.Release|Any CPU.ActiveCfg = Release|Any CPU
		{C6FDAB01-CF11-4145-8710-CEE37BE2A013}.Release|Any CPU.Build.0 = Release|Any CPU
		{0095112C-5473-45F1-8615-06D52A1AAC94}.Debug|Any CPU.ActiveCfg = Debug|Any CPU
		{0095112C-5473-45F1-8615-06D52A1AAC94}.Debug|Any CPU.Build.0 = Debug|Any CPU
		{0095112C-5473-45F1-8615-06D52A1AAC94}.Release|Any CPU.ActiveCfg = Release|Any CPU
		{0095112C-5473-45F1-8615-06D52A1AAC94}.Release|Any CPU.Build.0 = Release|Any CPU
		{CFA14EFE-4DE1-4C82-8380-0737D4C79DAD}.Debug|Any CPU.ActiveCfg = Debug|Any CPU
		{CFA14EFE-4DE1-4C82-8380-0737D4C79DAD}.Debug|Any CPU.Build.0 = Debug|Any CPU
		{CFA14EFE-4DE1-4C82-8380-0737D4C79DAD}.Release|Any CPU.ActiveCfg = Release|Any CPU
		{CFA14EFE-4DE1-4C82-8380-0737D4C79DAD}.Release|Any CPU.Build.0 = Release|Any CPU
		{BCB2D607-7C46-4F80-B6B4-5AEDD538D5BB}.Debug|Any CPU.ActiveCfg = Debug|Any CPU
		{BCB2D607-7C46-4F80-B6B4-5AEDD538D5BB}.Debug|Any CPU.Build.0 = Debug|Any CPU
		{BCB2D607-7C46-4F80-B6B4-5AEDD538D5BB}.Release|Any CPU.ActiveCfg = Release|Any CPU
		{BCB2D607-7C46-4F80-B6B4-5AEDD538D5BB}.Release|Any CPU.Build.0 = Release|Any CPU
		{D99D2AE7-F2AB-4A29-B07A-40256FC4BA16}.Debug|Any CPU.ActiveCfg = Debug|Any CPU
		{D99D2AE7-F2AB-4A29-B07A-40256FC4BA16}.Debug|Any CPU.Build.0 = Debug|Any CPU
		{D99D2AE7-F2AB-4A29-B07A-40256FC4BA16}.Release|Any CPU.ActiveCfg = Release|Any CPU
		{D99D2AE7-F2AB-4A29-B07A-40256FC4BA16}.Release|Any CPU.Build.0 = Release|Any CPU
	EndGlobalSection
	GlobalSection(SolutionProperties) = preSolution
		HideSolutionNode = FALSE
	EndGlobalSection
	GlobalSection(NestedProjects) = preSolution
		{B7F6199E-02C1-4A85-A40E-7940DE745D3E} = {DC9DFCE7-C5A4-4546-AB3E-564E2AEAEAC7}
		{C6FDAB01-CF11-4145-8710-CEE37BE2A013} = {DC9DFCE7-C5A4-4546-AB3E-564E2AEAEAC7}
		{0095112C-5473-45F1-8615-06D52A1AAC94} = {DC9DFCE7-C5A4-4546-AB3E-564E2AEAEAC7}
		{CFA14EFE-4DE1-4C82-8380-0737D4C79DAD} = {DC9DFCE7-C5A4-4546-AB3E-564E2AEAEAC7}
		{BCB2D607-7C46-4F80-B6B4-5AEDD538D5BB} = {80FC5AF8-FC74-4E7D-87F1-7BBA4F7CA66A}
		{D99D2AE7-F2AB-4A29-B07A-40256FC4BA16} = {80FC5AF8-FC74-4E7D-87F1-7BBA4F7CA66A}
	EndGlobalSection
	GlobalSection(ExtensibilityGlobals) = postSolution
		SolutionGuid = {E8DAB20E-7C86-42DC-A6CD-9E9875E06669}
	EndGlobalSection
EndGlobal
