
Microsoft Visual Studio Solution File, Format Version 12.00
# Visual Studio Version 16
VisualStudioVersion = 16.0.30804.86
MinimumVisualStudioVersion = 10.0.40219.1
Project("{FAE04EC0-301F-11D3-BF4B-00C04F79EFBC}") = "Domain", "Domain\Domain.csproj", "{C9901275-DD47-414B-B086-6FB7AE533820}"
EndProject
Global
	GlobalSection(SolutionConfigurationPlatforms) = preSolution
		Debug|Any CPU = Debug|Any CPU
		Release|Any CPU = Release|Any CPU
	EndGlobalSection
	GlobalSection(ProjectConfigurationPlatforms) = postSolution
		{C9901275-DD47-414B-B086-6FB7AE533820}.Debug|Any CPU.ActiveCfg = Debug|Any CPU
		{C9901275-DD47-414B-B086-6FB7AE533820}.Debug|Any CPU.Build.0 = Debug|Any CPU
		{C9901275-DD47-414B-B086-6FB7AE533820}.Release|Any CPU.ActiveCfg = Release|Any CPU
		{C9901275-DD47-414B-B086-6FB7AE533820}.Release|Any CPU.Build.0 = Release|Any CPU
	EndGlobalSection
	GlobalSection(SolutionProperties) = preSolution
		HideSolutionNode = FALSE
	EndGlobalSection
	GlobalSection(ExtensibilityGlobals) = postSolution
		SolutionGuid = {C66C00E6-80FA-4DF2-97CC-75515753A801}
	EndGlobalSection
EndGlobal
