
Microsoft Visual Studio Solution File, Format Version 12.00
# Visual Studio Version 16
VisualStudioVersion = 16.0.30804.86
MinimumVisualStudioVersion = 10.0.40219.1
Project("{FAE04EC0-301F-11D3-BF4B-00C04F79EFBC}") = "Mqtt", "Mqtt\Mqtt.csproj", "{987560FC-6C94-405A-BB8D-B3ABDA1F775C}"
EndProject
Global
	GlobalSection(SolutionConfigurationPlatforms) = preSolution
		Debug|Any CPU = Debug|Any CPU
		Release|Any CPU = Release|Any CPU
	EndGlobalSection
	GlobalSection(ProjectConfigurationPlatforms) = postSolution
		{987560FC-6C94-405A-BB8D-B3ABDA1F775C}.Debug|Any CPU.ActiveCfg = Debug|Any CPU
		{987560FC-6C94-405A-BB8D-B3ABDA1F775C}.Debug|Any CPU.Build.0 = Debug|Any CPU
		{987560FC-6C94-405A-BB8D-B3ABDA1F775C}.Release|Any CPU.ActiveCfg = Release|Any CPU
		{987560FC-6C94-405A-BB8D-B3ABDA1F775C}.Release|Any CPU.Build.0 = Release|Any CPU
	EndGlobalSection
	GlobalSection(SolutionProperties) = preSolution
		HideSolutionNode = FALSE
	EndGlobalSection
	GlobalSection(ExtensibilityGlobals) = postSolution
		SolutionGuid = {D626839A-9A63-45AE-8E75-A5BAD9FE0F60}
	EndGlobalSection
EndGlobal
